// !$*UTF8*$!
{
	archiveVersion = 1;
	classes = {
	};
	objectVersion = 46;
	objects = {

/* Begin PBXBuildFile section */
		322FAFBA1B26A3C000B71859 /* AppDelegate.swift in Sources */ = {isa = PBXBuildFile; fileRef = 322FAFB91B26A3C000B71859 /* AppDelegate.swift */; };
		322FAFBF1B26A3C000B71859 /* Main.storyboard in Resources */ = {isa = PBXBuildFile; fileRef = 322FAFBD1B26A3C000B71859 /* Main.storyboard */; };
		322FAFC11B26A3C000B71859 /* Images.xcassets in Resources */ = {isa = PBXBuildFile; fileRef = 322FAFC01B26A3C000B71859 /* Images.xcassets */; };
		322FAFC41B26A3C000B71859 /* LaunchScreen.xib in Resources */ = {isa = PBXBuildFile; fileRef = 322FAFC21B26A3C000B71859 /* LaunchScreen.xib */; };
		322FAFD01B26A3C000B71859 /* PullToRefreshTests.swift in Sources */ = {isa = PBXBuildFile; fileRef = 322FAFCF1B26A3C000B71859 /* PullToRefreshTests.swift */; };
		322FAFDA1B26A44D00B71859 /* RefreshingTableViewController.swift in Sources */ = {isa = PBXBuildFile; fileRef = 322FAFD91B26A44D00B71859 /* RefreshingTableViewController.swift */; };
		322FAFDC1B26A59A00B71859 /* RefreshView.swift in Sources */ = {isa = PBXBuildFile; fileRef = 322FAFDB1B26A59A00B71859 /* RefreshView.swift */; };
		32B7E92B1B8EF6C2002CDC9B /* RefreshItem.swift in Sources */ = {isa = PBXBuildFile; fileRef = 32B7E92A1B8EF6C2002CDC9B /* RefreshItem.swift */; };
/* End PBXBuildFile section */

/* Begin PBXContainerItemProxy section */
		322FAFCA1B26A3C000B71859 /* PBXContainerItemProxy */ = {
			isa = PBXContainerItemProxy;
			containerPortal = 322FAFAC1B26A3C000B71859 /* Project object */;
			proxyType = 1;
			remoteGlobalIDString = 322FAFB31B26A3C000B71859;
			remoteInfo = PullToRefresh;
		};
/* End PBXContainerItemProxy section */

/* Begin PBXFileReference section */
		322FAFB41B26A3C000B71859 /* PullToRefresh.app */ = {isa = PBXFileReference; explicitFileType = wrapper.application; includeInIndex = 0; path = PullToRefresh.app; sourceTree = BUILT_PRODUCTS_DIR; };
		322FAFB81B26A3C000B71859 /* Info.plist */ = {isa = PBXFileReference; lastKnownFileType = text.plist.xml; path = Info.plist; sourceTree = "<group>"; };
		322FAFB91B26A3C000B71859 /* AppDelegate.swift */ = {isa = PBXFileReference; lastKnownFileType = sourcecode.swift; path = AppDelegate.swift; sourceTree = "<group>"; };
		322FAFBE1B26A3C000B71859 /* Base */ = {isa = PBXFileReference; lastKnownFileType = file.storyboard; name = Base; path = Base.lproj/Main.storyboard; sourceTree = "<group>"; };
		322FAFC01B26A3C000B71859 /* Images.xcassets */ = {isa = PBXFileReference; lastKnownFileType = folder.assetcatalog; path = Images.xcassets; sourceTree = "<group>"; };
		322FAFC31B26A3C000B71859 /* Base */ = {isa = PBXFileReference; lastKnownFileType = file.xib; name = Base; path = Base.lproj/LaunchScreen.xib; sourceTree = "<group>"; };
		322FAFC91B26A3C000B71859 /* PullToRefreshTests.xctest */ = {isa = PBXFileReference; explicitFileType = wrapper.cfbundle; includeInIndex = 0; path = PullToRefreshTests.xctest; sourceTree = BUILT_PRODUCTS_DIR; };
		322FAFCE1B26A3C000B71859 /* Info.plist */ = {isa = PBXFileReference; lastKnownFileType = text.plist.xml; path = Info.plist; sourceTree = "<group>"; };
		322FAFCF1B26A3C000B71859 /* PullToRefreshTests.swift */ = {isa = PBXFileReference; lastKnownFileType = sourcecode.swift; path = PullToRefreshTests.swift; sourceTree = "<group>"; };
		322FAFD91B26A44D00B71859 /* RefreshingTableViewController.swift */ = {isa = PBXFileReference; fileEncoding = 4; lastKnownFileType = sourcecode.swift; path = RefreshingTableViewController.swift; sourceTree = "<group>"; };
		322FAFDB1B26A59A00B71859 /* RefreshView.swift */ = {isa = PBXFileReference; fileEncoding = 4; lastKnownFileType = sourcecode.swift; path = RefreshView.swift; sourceTree = "<group>"; };
		32B7E92A1B8EF6C2002CDC9B /* RefreshItem.swift */ = {isa = PBXFileReference; fileEncoding = 4; lastKnownFileType = sourcecode.swift; path = RefreshItem.swift; sourceTree = "<group>"; };
/* End PBXFileReference section */

/* Begin PBXFrameworksBuildPhase section */
		322FAFB11B26A3C000B71859 /* Frameworks */ = {
			isa = PBXFrameworksBuildPhase;
			buildActionMask = 2147483647;
			files = (
			);
			runOnlyForDeploymentPostprocessing = 0;
		};
		322FAFC61B26A3C000B71859 /* Frameworks */ = {
			isa = PBXFrameworksBuildPhase;
			buildActionMask = 2147483647;
			files = (
			);
			runOnlyForDeploymentPostprocessing = 0;
		};
/* End PBXFrameworksBuildPhase section */

/* Begin PBXGroup section */
		322FAFAB1B26A3C000B71859 = {
			isa = PBXGroup;
			children = (
				322FAFB61B26A3C000B71859 /* PullToRefresh */,
				322FAFCC1B26A3C000B71859 /* PullToRefreshTests */,
				322FAFB51B26A3C000B71859 /* Products */,
			);
			sourceTree = "<group>";
		};
		322FAFB51B26A3C000B71859 /* Products */ = {
			isa = PBXGroup;
			children = (
				322FAFB41B26A3C000B71859 /* PullToRefresh.app */,
				322FAFC91B26A3C000B71859 /* PullToRefreshTests.xctest */,
			);
			name = Products;
			sourceTree = "<group>";
		};
		322FAFB61B26A3C000B71859 /* PullToRefresh */ = {
			isa = PBXGroup;
			children = (
				322FAFB91B26A3C000B71859 /* AppDelegate.swift */,
				322FAFBD1B26A3C000B71859 /* Main.storyboard */,
				322FAFDB1B26A59A00B71859 /* RefreshView.swift */,
				32B7E92A1B8EF6C2002CDC9B /* RefreshItem.swift */,
				322FAFD91B26A44D00B71859 /* RefreshingTableViewController.swift */,
				322FAFC01B26A3C000B71859 /* Images.xcassets */,
				322FAFC21B26A3C000B71859 /* LaunchScreen.xib */,
				322FAFB71B26A3C000B71859 /* Supporting Files */,
			);
			path = PullToRefresh;
			sourceTree = "<group>";
		};
		322FAFB71B26A3C000B71859 /* Supporting Files */ = {
			isa = PBXGroup;
			children = (
				322FAFB81B26A3C000B71859 /* Info.plist */,
			);
			name = "Supporting Files";
			sourceTree = "<group>";
		};
		322FAFCC1B26A3C000B71859 /* PullToRefreshTests */ = {
			isa = PBXGroup;
			children = (
				322FAFCF1B26A3C000B71859 /* PullToRefreshTests.swift */,
				322FAFCD1B26A3C000B71859 /* Supporting Files */,
			);
			path = PullToRefreshTests;
			sourceTree = "<group>";
		};
		322FAFCD1B26A3C000B71859 /* Supporting Files */ = {
			isa = PBXGroup;
			children = (
				322FAFCE1B26A3C000B71859 /* Info.plist */,
			);
			name = "Supporting Files";
			sourceTree = "<group>";
		};
/* End PBXGroup section */

/* Begin PBXNativeTarget section */
		322FAFB31B26A3C000B71859 /* PullToRefresh */ = {
			isa = PBXNativeTarget;
			buildConfigurationList = 322FAFD31B26A3C000B71859 /* Build configuration list for PBXNativeTarget "PullToRefresh" */;
			buildPhases = (
				322FAFB01B26A3C000B71859 /* Sources */,
				322FAFB11B26A3C000B71859 /* Frameworks */,
				322FAFB21B26A3C000B71859 /* Resources */,
			);
			buildRules = (
			);
			dependencies = (
			);
			name = PullToRefresh;
			productName = PullToRefresh;
			productReference = 322FAFB41B26A3C000B71859 /* PullToRefresh.app */;
			productType = "com.apple.product-type.application";
		};
		322FAFC81B26A3C000B71859 /* PullToRefreshTests */ = {
			isa = PBXNativeTarget;
			buildConfigurationList = 322FAFD61B26A3C000B71859 /* Build configuration list for PBXNativeTarget "PullToRefreshTests" */;
			buildPhases = (
				322FAFC51B26A3C000B71859 /* Sources */,
				322FAFC61B26A3C000B71859 /* Frameworks */,
				322FAFC71B26A3C000B71859 /* Resources */,
			);
			buildRules = (
			);
			dependencies = (
				322FAFCB1B26A3C000B71859 /* PBXTargetDependency */,
			);
			name = PullToRefreshTests;
			productName = PullToRefreshTests;
			productReference = 322FAFC91B26A3C000B71859 /* PullToRefreshTests.xctest */;
			productType = "com.apple.product-type.bundle.unit-test";
		};
/* End PBXNativeTarget section */

/* Begin PBXProject section */
		322FAFAC1B26A3C000B71859 /* Project object */ = {
			isa = PBXProject;
			attributes = {
				LastUpgradeCheck = 0630;
				ORGANIZATIONNAME = "Fang YiXiong";
				TargetAttributes = {
					322FAFB31B26A3C000B71859 = {
						CreatedOnToolsVersion = 6.3.1;
					};
					322FAFC81B26A3C000B71859 = {
						CreatedOnToolsVersion = 6.3.1;
						TestTargetID = 322FAFB31B26A3C000B71859;
					};
				};
			};
			buildConfigurationList = 322FAFAF1B26A3C000B71859 /* Build configuration list for PBXProject "PullToRefresh" */;
			compatibilityVersion = "Xcode 3.2";
			developmentRegion = English;
			hasScannedForEncodings = 0;
			knownRegions = (
				en,
				Base,
			);
			mainGroup = 322FAFAB1B26A3C000B71859;
			productRefGroup = 322FAFB51B26A3C000B71859 /* Products */;
			projectDirPath = "";
			projectRoot = "";
			targets = (
				322FAFB31B26A3C000B71859 /* PullToRefresh */,
				322FAFC81B26A3C000B71859 /* PullToRefreshTests */,
			);
		};
/* End PBXProject section */

/* Begin PBXResourcesBuildPhase section */
		322FAFB21B26A3C000B71859 /* Resources */ = {
			isa = PBXResourcesBuildPhase;
			buildActionMask = 2147483647;
			files = (
				322FAFBF1B26A3C000B71859 /* Main.storyboard in Resources */,
				322FAFC41B26A3C000B71859 /* LaunchScreen.xib in Resources */,
				322FAFC11B26A3C000B71859 /* Images.xcassets in Resources */,
			);
			runOnlyForDeploymentPostprocessing = 0;
		};
		322FAFC71B26A3C000B71859 /* Resources */ = {
			isa = PBXResourcesBuildPhase;
			buildActionMask = 2147483647;
			files = (
			);
			runOnlyForDeploymentPostprocessing = 0;
		};
/* End PBXResourcesBuildPhase section */

/* Begin PBXSourcesBuildPhase section */
		322FAFB01B26A3C000B71859 /* Sources */ = {
			isa = PBXSourcesBuildPhase;
			buildActionMask = 2147483647;
			files = (
				322FAFDC1B26A59A00B71859 /* RefreshView.swift in Sources */,
				322FAFDA1B26A44D00B71859 /* RefreshingTableViewController.swift in Sources */,
				32B7E92B1B8EF6C2002CDC9B /* RefreshItem.swift in Sources */,
				322FAFBA1B26A3C000B71859 /* AppDelegate.swift in Sources */,
			);
			runOnlyForDeploymentPostprocessing = 0;
		};
		322FAFC51B26A3C000B71859 /* Sources */ = {
			isa = PBXSourcesBuildPhase;
			buildActionMask = 2147483647;
			files = (
				322FAFD01B26A3C000B71859 /* PullToRefreshTests.swift in Sources */,
			);
			runOnlyForDeploymentPostprocessing = 0;
		};
/* End PBXSourcesBuildPhase section */

/* Begin PBXTargetDependency section */
		322FAFCB1B26A3C000B71859 /* PBXTargetDependency */ = {
			isa = PBXTargetDependency;
			target = 322FAFB31B26A3C000B71859 /* PullToRefresh */;
			targetProxy = 322FAFCA1B26A3C000B71859 /* PBXContainerItemProxy */;
		};
/* End PBXTargetDependency section */

/* Begin PBXVariantGroup section */
		322FAFBD1B26A3C000B71859 /* Main.storyboard */ = {
			isa = PBXVariantGroup;
			children = (
				322FAFBE1B26A3C000B71859 /* Base */,
			);
			name = Main.storyboard;
			sourceTree = "<group>";
		};
		322FAFC21B26A3C000B71859 /* LaunchScreen.xib */ = {
			isa = PBXVariantGroup;
			children = (
				322FAFC31B26A3C000B71859 /* Base */,
			);
			name = LaunchScreen.xib;
			sourceTree = "<group>";
		};
/* End PBXVariantGroup section */

/* Begin XCBuildConfiguration section */
		322FAFD11B26A3C000B71859 /* Debug */ = {
			isa = XCBuildConfiguration;
			buildSettings = {
				ALWAYS_SEARCH_USER_PATHS = NO;
				CLANG_CXX_LANGUAGE_STANDARD = "gnu++0x";
				CLANG_CXX_LIBRARY = "libc++";
				CLANG_ENABLE_MODULES = YES;
				CLANG_ENABLE_OBJC_ARC = YES;
				CLANG_WARN_BOOL_CONVERSION = YES;
				CLANG_WARN_CONSTANT_CONVERSION = YES;
				CLANG_WARN_DIRECT_OBJC_ISA_USAGE = YES_ERROR;
				CLANG_WARN_EMPTY_BODY = YES;
				CLANG_WARN_ENUM_CONVERSION = YES;
				CLANG_WARN_INT_CONVERSION = YES;
				CLANG_WARN_OBJC_ROOT_CLASS = YES_ERROR;
				CLANG_WARN_UNREACHABLE_CODE = YES;
				CLANG_WARN__DUPLICATE_METHOD_MATCH = YES;
				"CODE_SIGN_IDENTITY[sdk=iphoneos*]" = "iPhone Developer";
				COPY_PHASE_STRIP = NO;
				DEBUG_INFORMATION_FORMAT = "dwarf-with-dsym";
				ENABLE_STRICT_OBJC_MSGSEND = YES;
				GCC_C_LANGUAGE_STANDARD = gnu99;
				GCC_DYNAMIC_NO_PIC = NO;
				GCC_NO_COMMON_BLOCKS = YES;
				GCC_OPTIMIZATION_LEVEL = 0;
				GCC_PREPROCESSOR_DEFINITIONS = (
					"DEBUG=1",
					"$(inherited)",
				);
				GCC_SYMBOLS_PRIVATE_EXTERN = NO;
				GCC_WARN_64_TO_32_BIT_CONVERSION = YES;
				GCC_WARN_ABOUT_RETURN_TYPE = YES_ERROR;
				GCC_WARN_UNDECLARED_SELECTOR = YES;
				GCC_WARN_UNINITIALIZED_AUTOS = YES_AGGRESSIVE;
				GCC_WARN_UNUSED_FUNCTION = YES;
				GCC_WARN_UNUSED_VARIABLE = YES;
				IPHONEOS_DEPLOYMENT_TARGET = 8.3;
				MTL_ENABLE_DEBUG_INFO = YES;
				ONLY_ACTIVE_ARCH = YES;
				SDKROOT = iphoneos;
				SWIFT_OPTIMIZATION_LEVEL = "-Onone";
			};
			name = Debug;
		};
		322FAFD21B26A3C000B71859 /* Release */ = {
			isa = XCBuildConfiguration;
			buildSettings = {
				ALWAYS_SEARCH_USER_PATHS = NO;
				CLANG_CXX_LANGUAGE_STANDARD = "gnu++0x";
				CLANG_CXX_LIBRARY = "libc++";
				CLANG_ENABLE_MODULES = YES;
				CLANG_ENABLE_OBJC_ARC = YES;
				CLANG_WARN_BOOL_CONVERSION = YES;
				CLANG_WARN_CONSTANT_CONVERSION = YES;
				CLANG_WARN_DIRECT_OBJC_ISA_USAGE = YES_ERROR;
				CLANG_WARN_EMPTY_BODY = YES;
				CLANG_WARN_ENUM_CONVERSION = YES;
				CLANG_WARN_INT_CONVERSION = YES;
				CLANG_WARN_OBJC_ROOT_CLASS = YES_ERROR;
				CLANG_WARN_UNREACHABLE_CODE = YES;
				CLANG_WARN__DUPLICATE_METHOD_MATCH = YES;
				"CODE_SIGN_IDENTITY[sdk=iphoneos*]" = "iPhone Developer";
				COPY_PHASE_STRIP = NO;
				DEBUG_INFORMATION_FORMAT = "dwarf-with-dsym";
				ENABLE_NS_ASSERTIONS = NO;
				ENABLE_STRICT_OBJC_MSGSEND = YES;
				GCC_C_LANGUAGE_STANDARD = gnu99;
				GCC_NO_COMMON_BLOCKS = YES;
				GCC_WARN_64_TO_32_BIT_CONVERSION = YES;
				GCC_WARN_ABOUT_RETURN_TYPE = YES_ERROR;
				GCC_WARN_UNDECLARED_SELECTOR = YES;
				GCC_WARN_UNINITIALIZED_AUTOS = YES_AGGRESSIVE;
				GCC_WARN_UNUSED_FUNCTION = YES;
				GCC_WARN_UNUSED_VARIABLE = YES;
				IPHONEOS_DEPLOYMENT_TARGET = 8.3;
				MTL_ENABLE_DEBUG_INFO = NO;
				SDKROOT = iphoneos;
				VALIDATE_PRODUCT = YES;
			};
			name = Release;
		};
		322FAFD41B26A3C000B71859 /* Debug */ = {
			isa = XCBuildConfiguration;
			buildSettings = {
				ASSETCATALOG_COMPILER_APPICON_NAME = AppIcon;
				INFOPLIST_FILE = PullToRefresh/Info.plist;
				LD_RUNPATH_SEARCH_PATHS = "$(inherited) @executable_path/Frameworks";
				PRODUCT_NAME = "$(TARGET_NAME)";
			};
			name = Debug;
		};
		322FAFD51B26A3C000B71859 /* Release */ = {
			isa = XCBuildConfiguration;
			buildSettings = {
				ASSETCATALOG_COMPILER_APPICON_NAME = AppIcon;
				INFOPLIST_FILE = PullToRefresh/Info.plist;
				LD_RUNPATH_SEARCH_PATHS = "$(inherited) @executable_path/Frameworks";
				PRODUCT_NAME = "$(TARGET_NAME)";
			};
			name = Release;
		};
		322FAFD71B26A3C000B71859 /* Debug */ = {
			isa = XCBuildConfiguration;
			buildSettings = {
				BUNDLE_LOADER = "$(TEST_HOST)";
				FRAMEWORK_SEARCH_PATHS = (
					"$(SDKROOT)/Developer/Library/Frameworks",
					"$(inherited)",
				);
				GCC_PREPROCESSOR_DEFINITIONS = (
					"DEBUG=1",
					"$(inherited)",
				);
				INFOPLIST_FILE = PullToRefreshTests/Info.plist;
				LD_RUNPATH_SEARCH_PATHS = "$(inherited) @executable_path/Frameworks @loader_path/Frameworks";
				PRODUCT_NAME = "$(TARGET_NAME)";
				TEST_HOST = "$(BUILT_PRODUCTS_DIR)/PullToRefresh.app/PullToRefresh";
			};
			name = Debug;
		};
		322FAFD81B26A3C000B71859 /* Release */ = {
			isa = XCBuildConfiguration;
			buildSettings = {
				BUNDLE_LOADER = "$(TEST_HOST)";
				FRAMEWORK_SEARCH_PATHS = (
					"$(SDKROOT)/Developer/Library/Frameworks",
					"$(inherited)",
				);
				INFOPLIST_FILE = PullToRefreshTests/Info.plist;
				LD_RUNPATH_SEARCH_PATHS = "$(inherited) @executable_path/Frameworks @loader_path/Frameworks";
				PRODUCT_NAME = "$(TARGET_NAME)";
				TEST_HOST = "$(BUILT_PRODUCTS_DIR)/PullToRefresh.app/PullToRefresh";
			};
			name = Release;
		};
/* End XCBuildConfiguration section */

/* Begin XCConfigurationList section */
		322FAFAF1B26A3C000B71859 /* Build configuration list for PBXProject "PullToRefresh" */ = {
			isa = XCConfigurationList;
			buildConfigurations = (
				322FAFD11B26A3C000B71859 /* Debug */,
				322FAFD21B26A3C000B71859 /* Release */,
			);
			defaultConfigurationIsVisible = 0;
			defaultConfigurationName = Release;
		};
		322FAFD31B26A3C000B71859 /* Build configuration list for PBXNativeTarget "PullToRefresh" */ = {
			isa = XCConfigurationList;
			buildConfigurations = (
				322FAFD41B26A3C000B71859 /* Debug */,
				322FAFD51B26A3C000B71859 /* Release */,
			);
			defaultConfigurationIsVisible = 0;
			defaultConfigurationName = Release;
		};
		322FAFD61B26A3C000B71859 /* Build configuration list for PBXNativeTarget "PullToRefreshTests" */ = {
			isa = XCConfigurationList;
			buildConfigurations = (
				322FAFD71B26A3C000B71859 /* Debug */,
				322FAFD81B26A3C000B71859 /* Release */,
			);
			defaultConfigurationIsVisible = 0;
			defaultConfigurationName = Release;
		};
/* End XCConfigurationList section */
	};
	rootObject = 322FAFAC1B26A3C000B71859 /* Project object */;
}
